
Microsoft Visual Studio Solution File, Format Version 12.00
# Visual Studio Version 17
VisualStudioVersion = 17.4.33103.184
MinimumVisualStudioVersion = 10.0.40219.1
Project("{FAE04EC0-301F-11D3-BF4B-00C04F79EFBC}") = "prakk2", "prakk2\prakk2.csproj", "{0A903B4D-9884-43B3-8D93-05F2890C62C3}"
EndProject
Global
	GlobalSection(SolutionConfigurationPlatforms) = preSolution
		Debug|Any CPU = Debug|Any CPU
		Release|Any CPU = Release|Any CPU
	EndGlobalSection
	GlobalSection(ProjectConfigurationPlatforms) = postSolution
		{0A903B4D-9884-43B3-8D93-05F2890C62C3}.Debug|Any CPU.ActiveCfg = Debug|Any CPU
		{0A903B4D-9884-43B3-8D93-05F2890C62C3}.Debug|Any CPU.Build.0 = Debug|Any CPU
		{0A903B4D-9884-43B3-8D93-05F2890C62C3}.Release|Any CPU.ActiveCfg = Release|Any CPU
		{0A903B4D-9884-43B3-8D93-05F2890C62C3}.Release|Any CPU.Build.0 = Release|Any CPU
	EndGlobalSection
	GlobalSection(SolutionProperties) = preSolution
		HideSolutionNode = FALSE
	EndGlobalSection
	GlobalSection(ExtensibilityGlobals) = postSolution
		SolutionGuid = {B61B9BF4-DD31-47CB-BE9B-44C2FF4A2350}
	EndGlobalSection
EndGlobal
